
Microsoft Visual Studio Solution File, Format Version 12.00
# Visual Studio 15
VisualStudioVersion = 15.0.28307.960
MinimumVisualStudioVersion = 10.0.40219.1
Project("{FAE04EC0-301F-11D3-BF4B-00C04F79EFBC}") = "aula", "aula\aula.csproj", "{B81FA629-723C-42C8-882F-80541EF75168}"
EndProject
Global
	GlobalSection(SolutionConfigurationPlatforms) = preSolution
		Debug|Any CPU = Debug|Any CPU
		Release|Any CPU = Release|Any CPU
	EndGlobalSection
	GlobalSection(ProjectConfigurationPlatforms) = postSolution
		{B81FA629-723C-42C8-882F-80541EF75168}.Debug|Any CPU.ActiveCfg = Debug|Any CPU
		{B81FA629-723C-42C8-882F-80541EF75168}.Debug|Any CPU.Build.0 = Debug|Any CPU
		{B81FA629-723C-42C8-882F-80541EF75168}.Release|Any CPU.ActiveCfg = Release|Any CPU
		{B81FA629-723C-42C8-882F-80541EF75168}.Release|Any CPU.Build.0 = Release|Any CPU
	EndGlobalSection
	GlobalSection(SolutionProperties) = preSolution
		HideSolutionNode = FALSE
	EndGlobalSection
	GlobalSection(ExtensibilityGlobals) = postSolution
		SolutionGuid = {A92C55A0-24A4-4231-B3CC-B5AC306EA045}
	EndGlobalSection
EndGlobal
